
Microsoft Visual Studio Solution File, Format Version 12.00
# Visual Studio 2015
Project("{FAE04EC0-301F-11D3-BF4B-00C04F79EFBC}") = "tower_climb", "tower_climb.csproj", "{D39BF5C5-CA53-3178-0D8F-575213E03522}"
EndProject
Project("{FAE04EC0-301F-11D3-BF4B-00C04F79EFBC}") = "tower_climb.Editor", "tower_climb.Editor.csproj", "{C3418077-CD44-3F87-7956-778B108F4166}"
EndProject
Global
	GlobalSection(SolutionConfigurationPlatforms) = preSolution
		Debug|Any CPU = Debug|Any CPU
		Release|Any CPU = Release|Any CPU
	EndGlobalSection
	GlobalSection(ProjectConfigurationPlatforms) = postSolution
		{D39BF5C5-CA53-3178-0D8F-575213E03522}.Debug|Any CPU.ActiveCfg = Debug|Any CPU
		{D39BF5C5-CA53-3178-0D8F-575213E03522}.Debug|Any CPU.Build.0 = Debug|Any CPU
		{D39BF5C5-CA53-3178-0D8F-575213E03522}.Release|Any CPU.ActiveCfg = Release|Any CPU
		{D39BF5C5-CA53-3178-0D8F-575213E03522}.Release|Any CPU.Build.0 = Release|Any CPU
		{C3418077-CD44-3F87-7956-778B108F4166}.Debug|Any CPU.ActiveCfg = Debug|Any CPU
		{C3418077-CD44-3F87-7956-778B108F4166}.Debug|Any CPU.Build.0 = Debug|Any CPU
		{C3418077-CD44-3F87-7956-778B108F4166}.Release|Any CPU.ActiveCfg = Release|Any CPU
		{C3418077-CD44-3F87-7956-778B108F4166}.Release|Any CPU.Build.0 = Release|Any CPU
	EndGlobalSection
	GlobalSection(SolutionProperties) = preSolution
		HideSolutionNode = FALSE
	EndGlobalSection
EndGlobal
